// !$*UTF8*$!
{
	archiveVersion = 1;
	classes = {
	};
	objectVersion = 50;
	objects = {

/* Begin PBXBuildFile section */
		0486F43A22C5FED00046BE58 /* AppDelegate.swift in Sources */ = {isa = PBXBuildFile; fileRef = 0486F43922C5FED00046BE58 /* AppDelegate.swift */; };
		0486F43C22C5FED00046BE58 /* SceneDelegate.swift in Sources */ = {isa = PBXBuildFile; fileRef = 0486F43B22C5FED00046BE58 /* SceneDelegate.swift */; };
		0486F43E22C5FED00046BE58 /* ContentView.swift in Sources */ = {isa = PBXBuildFile; fileRef = 0486F43D22C5FED00046BE58 /* ContentView.swift */; };
		0486F44022C5FED40046BE58 /* Assets.xcassets in Resources */ = {isa = PBXBuildFile; fileRef = 0486F43F22C5FED40046BE58 /* Assets.xcassets */; };
		0486F44322C5FED40046BE58 /* Preview Assets.xcassets in Resources */ = {isa = PBXBuildFile; fileRef = 0486F44222C5FED40046BE58 /* Preview Assets.xcassets */; };
		0486F44622C5FED40046BE58 /* LaunchScreen.storyboard in Resources */ = {isa = PBXBuildFile; fileRef = 0486F44422C5FED40046BE58 /* LaunchScreen.storyboard */; };
/* End PBXBuildFile section */

/* Begin PBXFileReference section */
		0486F43622C5FED00046BE58 /* TableView (List) SwiftUI.app */ = {isa = PBXFileReference; explicitFileType = wrapper.application; includeInIndex = 0; path = "TableView (List) SwiftUI.app"; sourceTree = BUILT_PRODUCTS_DIR; };
		0486F43922C5FED00046BE58 /* AppDelegate.swift */ = {isa = PBXFileReference; lastKnownFileType = sourcecode.swift; path = AppDelegate.swift; sourceTree = "<group>"; };
		0486F43B22C5FED00046BE58 /* SceneDelegate.swift */ = {isa = PBXFileReference; lastKnownFileType = sourcecode.swift; path = SceneDelegate.swift; sourceTree = "<group>"; };
		0486F43D22C5FED00046BE58 /* ContentView.swift */ = {isa = PBXFileReference; lastKnownFileType = sourcecode.swift; path = ContentView.swift; sourceTree = "<group>"; };
		0486F43F22C5FED40046BE58 /* Assets.xcassets */ = {isa = PBXFileReference; lastKnownFileType = folder.assetcatalog; path = Assets.xcassets; sourceTree = "<group>"; };
		0486F44222C5FED40046BE58 /* Preview Assets.xcassets */ = {isa = PBXFileReference; lastKnownFileType = folder.assetcatalog; path = "Preview Assets.xcassets"; sourceTree = "<group>"; };
		0486F44522C5FED40046BE58 /* Base */ = {isa = PBXFileReference; lastKnownFileType = file.storyboard; name = Base; path = Base.lproj/LaunchScreen.storyboard; sourceTree = "<group>"; };
		0486F44722C5FED40046BE58 /* Info.plist */ = {isa = PBXFileReference; lastKnownFileType = text.plist.xml; path = Info.plist; sourceTree = "<group>"; };
/* End PBXFileReference section */

/* Begin PBXFrameworksBuildPhase section */
		0486F43322C5FED00046BE58 /* Frameworks */ = {
			isa = PBXFrameworksBuildPhase;
			buildActionMask = 2147483647;
			files = (
			);
			runOnlyForDeploymentPostprocessing = 0;
		};
/* End PBXFrameworksBuildPhase section */

/* Begin PBXGroup section */
		0486F42D22C5FED00046BE58 = {
			isa = PBXGroup;
			children = (
				0486F43822C5FED00046BE58 /* TableView (List) SwiftUI */,
				0486F43722C5FED00046BE58 /* Products */,
			);
			sourceTree = "<group>";
		};
		0486F43722C5FED00046BE58 /* Products */ = {
			isa = PBXGroup;
			children = (
				0486F43622C5FED00046BE58 /* TableView (List) SwiftUI.app */,
			);
			name = Products;
			sourceTree = "<group>";
		};
		0486F43822C5FED00046BE58 /* TableView (List) SwiftUI */ = {
			isa = PBXGroup;
			children = (
				0486F43922C5FED00046BE58 /* AppDelegate.swift */,
				0486F43B22C5FED00046BE58 /* SceneDelegate.swift */,
				0486F43D22C5FED00046BE58 /* ContentView.swift */,
				0486F43F22C5FED40046BE58 /* Assets.xcassets */,
				0486F44422C5FED40046BE58 /* LaunchScreen.storyboard */,
				0486F44722C5FED40046BE58 /* Info.plist */,
				0486F44122C5FED40046BE58 /* Preview Content */,
			);
			path = "TableView (List) SwiftUI";
			sourceTree = "<group>";
		};
		0486F44122C5FED40046BE58 /* Preview Content */ = {
			isa = PBXGroup;
			children = (
				0486F44222C5FED40046BE58 /* Preview Assets.xcassets */,
			);
			path = "Preview Content";
			sourceTree = "<group>";
		};
/* End PBXGroup section */

/* Begin PBXNativeTarget section */
		0486F43522C5FED00046BE58 /* TableView (List) SwiftUI */ = {
			isa = PBXNativeTarget;
			buildConfigurationList = 0486F44A22C5FED40046BE58 /* Build configuration list for PBXNativeTarget "TableView (List) SwiftUI" */;
			buildPhases = (
				0486F43222C5FED00046BE58 /* Sources */,
				0486F43322C5FED00046BE58 /* Frameworks */,
				0486F43422C5FED00046BE58 /* Resources */,
			);
			buildRules = (
			);
			dependencies = (
			);
			name = "TableView (List) SwiftUI";
			productName = "TableView (List) SwiftUI";
			productReference = 0486F43622C5FED00046BE58 /* TableView (List) SwiftUI.app */;
			productType = "com.apple.product-type.application";
		};
/* End PBXNativeTarget section */

/* Begin PBXProject section */
		0486F42E22C5FED00046BE58 /* Project object */ = {
			isa = PBXProject;
			attributes = {
				LastSwiftUpdateCheck = 1100;
				LastUpgradeCheck = 1100;
				ORGANIZATIONNAME = AppMillers;
				TargetAttributes = {
					0486F43522C5FED00046BE58 = {
						CreatedOnToolsVersion = 11.0;
					};
				};
			};
			buildConfigurationList = 0486F43122C5FED00046BE58 /* Build configuration list for PBXProject "TableView (List) SwiftUI" */;
			compatibilityVersion = "Xcode 9.3";
			developmentRegion = en;
			hasScannedForEncodings = 0;
			knownRegions = (
				en,
				Base,
			);
			mainGroup = 0486F42D22C5FED00046BE58;
			productRefGroup = 0486F43722C5FED00046BE58 /* Products */;
			projectDirPath = "";
			projectRoot = "";
			targets = (
				0486F43522C5FED00046BE58 /* TableView (List) SwiftUI */,
			);
		};
/* End PBXProject section */

/* Begin PBXResourcesBuildPhase section */
		0486F43422C5FED00046BE58 /* Resources */ = {
			isa = PBXResourcesBuildPhase;
			buildActionMask = 2147483647;
			files = (
				0486F44622C5FED40046BE58 /* LaunchScreen.storyboard in Resources */,
				0486F44322C5FED40046BE58 /* Preview Assets.xcassets in Resources */,
				0486F44022C5FED40046BE58 /* Assets.xcassets in Resources */,
			);
			runOnlyForDeploymentPostprocessing = 0;
		};
/* End PBXResourcesBuildPhase section */

/* Begin PBXSourcesBuildPhase section */
		0486F43222C5FED00046BE58 /* Sources */ = {
			isa = PBXSourcesBuildPhase;
			buildActionMask = 2147483647;
			files = (
				0486F43A22C5FED00046BE58 /* AppDelegate.swift in Sources */,
				0486F43C22C5FED00046BE58 /* SceneDelegate.swift in Sources */,
				0486F43E22C5FED00046BE58 /* ContentView.swift in Sources */,
			);
			runOnlyForDeploymentPostprocessing = 0;
		};
/* End PBXSourcesBuildPhase section */

/* Begin PBXVariantGroup section */
		0486F44422C5FED40046BE58 /* LaunchScreen.storyboard */ = {
			isa = PBXVariantGroup;
			children = (
				0486F44522C5FED40046BE58 /* Base */,
			);
			name = LaunchScreen.storyboard;
			sourceTree = "<group>";
		};
/* End PBXVariantGroup section */

/* Begin XCBuildConfiguration section */
		0486F44822C5FED40046BE58 /* Debug */ = {
			isa = XCBuildConfiguration;
			buildSettings = {
				ALWAYS_SEARCH_USER_PATHS = NO;
				CLANG_ANALYZER_NONNULL = YES;
				CLANG_ANALYZER_NUMBER_OBJECT_CONVERSION = YES_AGGRESSIVE;
				CLANG_CXX_LANGUAGE_STANDARD = "gnu++14";
				CLANG_CXX_LIBRARY = "libc++";
				CLANG_ENABLE_MODULES = YES;
				CLANG_ENABLE_OBJC_ARC = YES;
				CLANG_ENABLE_OBJC_WEAK = YES;
				CLANG_WARN_BLOCK_CAPTURE_AUTORELEASING = YES;
				CLANG_WARN_BOOL_CONVERSION = YES;
				CLANG_WARN_COMMA = YES;
				CLANG_WARN_CONSTANT_CONVERSION = YES;
				CLANG_WARN_DEPRECATED_OBJC_IMPLEMENTATIONS = YES;
				CLANG_WARN_DIRECT_OBJC_ISA_USAGE = YES_ERROR;
				CLANG_WARN_DOCUMENTATION_COMMENTS = YES;
				CLANG_WARN_EMPTY_BODY = YES;
				CLANG_WARN_ENUM_CONVERSION = YES;
				CLANG_WARN_INFINITE_RECURSION = YES;
				CLANG_WARN_INT_CONVERSION = YES;
				CLANG_WARN_NON_LITERAL_NULL_CONVERSION = YES;
				CLANG_WARN_OBJC_IMPLICIT_RETAIN_SELF = YES;
				CLANG_WARN_OBJC_LITERAL_CONVERSION = YES;
				CLANG_WARN_OBJC_ROOT_CLASS = YES_ERROR;
				CLANG_WARN_RANGE_LOOP_ANALYSIS = YES;
				CLANG_WARN_STRICT_PROTOTYPES = YES;
				CLANG_WARN_SUSPICIOUS_MOVE = YES;
				CLANG_WARN_UNGUARDED_AVAILABILITY = YES_AGGRESSIVE;
				CLANG_WARN_UNREACHABLE_CODE = YES;
				CLANG_WARN__DUPLICATE_METHOD_MATCH = YES;
				COPY_PHASE_STRIP = NO;
				DEBUG_INFORMATION_FORMAT = dwarf;
				ENABLE_STRICT_OBJC_MSGSEND = YES;
				ENABLE_TESTABILITY = YES;
				GCC_C_LANGUAGE_STANDARD = gnu11;
				GCC_DYNAMIC_NO_PIC = NO;
				GCC_NO_COMMON_BLOCKS = YES;
				GCC_OPTIMIZATION_LEVEL = 0;
				GCC_PREPROCESSOR_DEFINITIONS = (
					"DEBUG=1",
					"$(inherited)",
				);
				GCC_WARN_64_TO_32_BIT_CONVERSION = YES;
				GCC_WARN_ABOUT_RETURN_TYPE = YES_ERROR;
				GCC_WARN_UNDECLARED_SELECTOR = YES;
				GCC_WARN_UNINITIALIZED_AUTOS = YES_AGGRESSIVE;
				GCC_WARN_UNUSED_FUNCTION = YES;
				GCC_WARN_UNUSED_VARIABLE = YES;
				IPHONEOS_DEPLOYMENT_TARGET = 13.0;
				MTL_ENABLE_DEBUG_INFO = INCLUDE_SOURCE;
				MTL_FAST_MATH = YES;
				ONLY_ACTIVE_ARCH = YES;
				SDKROOT = iphoneos;
				SWIFT_ACTIVE_COMPILATION_CONDITIONS = DEBUG;
				SWIFT_OPTIMIZATION_LEVEL = "-Onone";
			};
			name = Debug;
		};
		0486F44922C5FED40046BE58 /* Release */ = {
			isa = XCBuildConfiguration;
			buildSettings = {
				ALWAYS_SEARCH_USER_PATHS = NO;
				CLANG_ANALYZER_NONNULL = YES;
				CLANG_ANALYZER_NUMBER_OBJECT_CONVERSION = YES_AGGRESSIVE;
				CLANG_CXX_LANGUAGE_STANDARD = "gnu++14";
				CLANG_CXX_LIBRARY = "libc++";
				CLANG_ENABLE_MODULES = YES;
				CLANG_ENABLE_OBJC_ARC = YES;
				CLANG_ENABLE_OBJC_WEAK = YES;
				CLANG_WARN_BLOCK_CAPTURE_AUTORELEASING = YES;
				CLANG_WARN_BOOL_CONVERSION = YES;
				CLANG_WARN_COMMA = YES;
				CLANG_WARN_CONSTANT_CONVERSION = YES;
				CLANG_WARN_DEPRECATED_OBJC_IMPLEMENTATIONS = YES;
				CLANG_WARN_DIRECT_OBJC_ISA_USAGE = YES_ERROR;
				CLANG_WARN_DOCUMENTATION_COMMENTS = YES;
				CLANG_WARN_EMPTY_BODY = YES;
				CLANG_WARN_ENUM_CONVERSION = YES;
				CLANG_WARN_INFINITE_RECURSION = YES;
				CLANG_WARN_INT_CONVERSION = YES;
				CLANG_WARN_NON_LITERAL_NULL_CONVERSION = YES;
				CLANG_WARN_OBJC_IMPLICIT_RETAIN_SELF = YES;
				CLANG_WARN_OBJC_LITERAL_CONVERSION = YES;
				CLANG_WARN_OBJC_ROOT_CLASS = YES_ERROR;
				CLANG_WARN_RANGE_LOOP_ANALYSIS = YES;
				CLANG_WARN_STRICT_PROTOTYPES = YES;
				CLANG_WARN_SUSPICIOUS_MOVE = YES;
				CLANG_WARN_UNGUARDED_AVAILABILITY = YES_AGGRESSIVE;
				CLANG_WARN_UNREACHABLE_CODE = YES;
				CLANG_WARN__DUPLICATE_METHOD_MATCH = YES;
				COPY_PHASE_STRIP = NO;
				DEBUG_INFORMATION_FORMAT = "dwarf-with-dsym";
				ENABLE_NS_ASSERTIONS = NO;
				ENABLE_STRICT_OBJC_MSGSEND = YES;
				GCC_C_LANGUAGE_STANDARD = gnu11;
				GCC_NO_COMMON_BLOCKS = YES;
				GCC_WARN_64_TO_32_BIT_CONVERSION = YES;
				GCC_WARN_ABOUT_RETURN_TYPE = YES_ERROR;
				GCC_WARN_UNDECLARED_SELECTOR = YES;
				GCC_WARN_UNINITIALIZED_AUTOS = YES_AGGRESSIVE;
				GCC_WARN_UNUSED_FUNCTION = YES;
				GCC_WARN_UNUSED_VARIABLE = YES;
				IPHONEOS_DEPLOYMENT_TARGET = 13.0;
				MTL_ENABLE_DEBUG_INFO = NO;
				MTL_FAST_MATH = YES;
				SDKROOT = iphoneos;
				SWIFT_COMPILATION_MODE = wholemodule;
				SWIFT_OPTIMIZATION_LEVEL = "-O";
				VALIDATE_PRODUCT = YES;
			};
			name = Release;
		};
		0486F44B22C5FED40046BE58 /* Debug */ = {
			isa = XCBuildConfiguration;
			buildSettings = {
				ASSETCATALOG_COMPILER_APPICON_NAME = AppIcon;
				CODE_SIGN_STYLE = Automatic;
				DEVELOPMENT_ASSET_PATHS = "\"TableView (List) SwiftUI\"/Preview\\ Content";
				DEVELOPMENT_TEAM = J9QWQLP3S4;
				ENABLE_PREVIEWS = YES;
				INFOPLIST_FILE = "TableView (List) SwiftUI/Info.plist";
				LD_RUNPATH_SEARCH_PATHS = (
					"$(inherited)",
					"@executable_path/Frameworks",
				);
				PRODUCT_BUNDLE_IDENTIFIER = "com.appmillers.TableView--List--SwiftUI";
				PRODUCT_NAME = "$(TARGET_NAME)";
				SWIFT_VERSION = 5.0;
				TARGETED_DEVICE_FAMILY = "1,2";
			};
			name = Debug;
		};
		0486F44C22C5FED40046BE58 /* Release */ = {
			isa = XCBuildConfiguration;
			buildSettings = {
				ASSETCATALOG_COMPILER_APPICON_NAME = AppIcon;
				CODE_SIGN_STYLE = Automatic;
				DEVELOPMENT_ASSET_PATHS = "\"TableView (List) SwiftUI\"/Preview\\ Content";
				DEVELOPMENT_TEAM = J9QWQLP3S4;
				ENABLE_PREVIEWS = YES;
				INFOPLIST_FILE = "TableView (List) SwiftUI/Info.plist";
				LD_RUNPATH_SEARCH_PATHS = (
					"$(inherited)",
					"@executable_path/Frameworks",
				);
				PRODUCT_BUNDLE_IDENTIFIER = "com.appmillers.TableView--List--SwiftUI";
				PRODUCT_NAME = "$(TARGET_NAME)";
				SWIFT_VERSION = 5.0;
				TARGETED_DEVICE_FAMILY = "1,2";
			};
			name = Release;
		};
/* End XCBuildConfiguration section */

/* Begin XCConfigurationList section */
		0486F43122C5FED00046BE58 /* Build configuration list for PBXProject "TableView (List) SwiftUI" */ = {
			isa = XCConfigurationList;
			buildConfigurations = (
				0486F44822C5FED40046BE58 /* Debug */,
				0486F44922C5FED40046BE58 /* Release */,
			);
			defaultConfigurationIsVisible = 0;
			defaultConfigurationName = Release;
		};
		0486F44A22C5FED40046BE58 /* Build configuration list for PBXNativeTarget "TableView (List) SwiftUI" */ = {
			isa = XCConfigurationList;
			buildConfigurations = (
				0486F44B22C5FED40046BE58 /* Debug */,
				0486F44C22C5FED40046BE58 /* Release */,
			);
			defaultConfigurationIsVisible = 0;
			defaultConfigurationName = Release;
		};
/* End XCConfigurationList section */
	};
	rootObject = 0486F42E22C5FED00046BE58 /* Project object */;
}
